
Microsoft Visual Studio Solution File, Format Version 12.00
# Visual Studio 15
VisualStudioVersion = 15.0.27130.2027
MinimumVisualStudioVersion = 10.0.40219.1
Project("{FAE04EC0-301F-11D3-BF4B-00C04F79EFBC}") = "Mod3AssessLab", "Mod3AssessLab\Mod3AssessLab.csproj", "{D52DE04F-8F54-4F5E-B82D-A0F40C8278A3}"
EndProject
Global
	GlobalSection(SolutionConfigurationPlatforms) = preSolution
		Debug|Any CPU = Debug|Any CPU
		Release|Any CPU = Release|Any CPU
	EndGlobalSection
	GlobalSection(ProjectConfigurationPlatforms) = postSolution
		{D52DE04F-8F54-4F5E-B82D-A0F40C8278A3}.Debug|Any CPU.ActiveCfg = Debug|Any CPU
		{D52DE04F-8F54-4F5E-B82D-A0F40C8278A3}.Debug|Any CPU.Build.0 = Debug|Any CPU
		{D52DE04F-8F54-4F5E-B82D-A0F40C8278A3}.Release|Any CPU.ActiveCfg = Release|Any CPU
		{D52DE04F-8F54-4F5E-B82D-A0F40C8278A3}.Release|Any CPU.Build.0 = Release|Any CPU
	EndGlobalSection
	GlobalSection(SolutionProperties) = preSolution
		HideSolutionNode = FALSE
	EndGlobalSection
	GlobalSection(ExtensibilityGlobals) = postSolution
		SolutionGuid = {BE746B6E-624A-4A09-A2DC-BE9C252AE67F}
	EndGlobalSection
EndGlobal
