
Microsoft Visual Studio Solution File, Format Version 12.00
# Visual Studio 15
VisualStudioVersion = 15.0.27130.2027
MinimumVisualStudioVersion = 10.0.40219.1
Project("{FAE04EC0-301F-11D3-BF4B-00C04F79EFBC}") = "Mod2AssessLab", "Mod2AssessLab\Mod2AssessLab.csproj", "{F44B3F0D-3438-4136-BC5E-2B485332D539}"
EndProject
Global
	GlobalSection(SolutionConfigurationPlatforms) = preSolution
		Debug|Any CPU = Debug|Any CPU
		Release|Any CPU = Release|Any CPU
	EndGlobalSection
	GlobalSection(ProjectConfigurationPlatforms) = postSolution
		{F44B3F0D-3438-4136-BC5E-2B485332D539}.Debug|Any CPU.ActiveCfg = Debug|Any CPU
		{F44B3F0D-3438-4136-BC5E-2B485332D539}.Debug|Any CPU.Build.0 = Debug|Any CPU
		{F44B3F0D-3438-4136-BC5E-2B485332D539}.Release|Any CPU.ActiveCfg = Release|Any CPU
		{F44B3F0D-3438-4136-BC5E-2B485332D539}.Release|Any CPU.Build.0 = Release|Any CPU
	EndGlobalSection
	GlobalSection(SolutionProperties) = preSolution
		HideSolutionNode = FALSE
	EndGlobalSection
	GlobalSection(ExtensibilityGlobals) = postSolution
		SolutionGuid = {6FE59E5C-D8E0-4715-81E8-033317DCF15B}
	EndGlobalSection
EndGlobal
